# Code generated by scarb DO NOT EDIT.
version = 1

[[package]]
name = "cairo_binary_merkle_root"
version = "0.1.0"
source = "git+https://github.com/vplasencia/cairo-binary-merkle-root#25679f8563a97ee2271680a581cb3ac4cbfd0da6"

[[package]]
name = "cairo_circuits"
version = "0.1.0"
dependencies = [
 "cairo_binary_merkle_root",
]
